
Microsoft Visual Studio Solution File, Format Version 11.00
# Visual Studio 2010
Project("{FAE04EC0-301F-11D3-BF4B-00C04F79EFBC}") = "calculadora", "calculadora\calculadora.csproj", "{88BC331F-AED2-43D0-8EA7-88DFCADF95B9}"
EndProject
Project("{2150E333-8FDC-42A3-9474-1A3956D46DE8}") = "Solution Items", "Solution Items", "{3A5AE08C-647F-4583-9A04-673BA3CAE1F9}"
	ProjectSection(SolutionItems) = preProject
		calculadora.vsmdi = calculadora.vsmdi
		Local.testsettings = Local.testsettings
		TraceAndTestImpact.testsettings = TraceAndTestImpact.testsettings
	EndProjectSection
EndProject
Global
	GlobalSection(TestCaseManagementSettings) = postSolution
		CategoryFile = calculadora.vsmdi
	EndGlobalSection
	GlobalSection(SolutionConfigurationPlatforms) = preSolution
		Debug|Any CPU = Debug|Any CPU
		Debug|Mixed Platforms = Debug|Mixed Platforms
		Debug|x86 = Debug|x86
		Release|Any CPU = Release|Any CPU
		Release|Mixed Platforms = Release|Mixed Platforms
		Release|x86 = Release|x86
	EndGlobalSection
	GlobalSection(ProjectConfigurationPlatforms) = postSolution
		{88BC331F-AED2-43D0-8EA7-88DFCADF95B9}.Debug|Any CPU.ActiveCfg = Debug|x86
		{88BC331F-AED2-43D0-8EA7-88DFCADF95B9}.Debug|Mixed Platforms.ActiveCfg = Debug|x86
		{88BC331F-AED2-43D0-8EA7-88DFCADF95B9}.Debug|Mixed Platforms.Build.0 = Debug|x86
		{88BC331F-AED2-43D0-8EA7-88DFCADF95B9}.Debug|x86.ActiveCfg = Debug|x86
		{88BC331F-AED2-43D0-8EA7-88DFCADF95B9}.Debug|x86.Build.0 = Debug|x86
		{88BC331F-AED2-43D0-8EA7-88DFCADF95B9}.Release|Any CPU.ActiveCfg = Release|x86
		{88BC331F-AED2-43D0-8EA7-88DFCADF95B9}.Release|Mixed Platforms.ActiveCfg = Release|x86
		{88BC331F-AED2-43D0-8EA7-88DFCADF95B9}.Release|Mixed Platforms.Build.0 = Release|x86
		{88BC331F-AED2-43D0-8EA7-88DFCADF95B9}.Release|x86.ActiveCfg = Release|x86
		{88BC331F-AED2-43D0-8EA7-88DFCADF95B9}.Release|x86.Build.0 = Release|x86
	EndGlobalSection
	GlobalSection(SolutionProperties) = preSolution
		HideSolutionNode = FALSE
	EndGlobalSection
EndGlobal
